# This file was autogenerated by Stack.
# You should not edit this file by hand.
# For more information, please see the documentation at:
#   https://docs.haskellstack.org/en/stable/lock_files

packages:
- completed:
    hackage: haxl-2.3.0.0@sha256:4c9a7371a2c21df910628d582776cf52db72bcd6c808daa02823be0ab06f1eb9,3974
    pantry-tree:
      size: 3076
      sha256: 2da38564de7cda18d12923fef2fd279c7072a7dbd6ee13a4dfea7f347eb50c8c
  original:
    hackage: haxl-2.3.0.0@sha256:4c9a7371a2c21df910628d582776cf52db72bcd6c808daa02823be0ab06f1eb9,3974
snapshots:
- completed:
    size: 585393
    url: https://raw.githubusercontent.com/commercialhaskell/stackage-snapshots/master/lts/18/0.yaml
    sha256: c632012da648385b9fa3c29f4e0afd56ead299f1c5528ee789058be410e883c0
  original:
    url: https://raw.githubusercontent.com/commercialhaskell/stackage-snapshots/master/lts/18/0.yaml
