# This file was autogenerated by Stack.
# You should not edit this file by hand.
# For more information, please see the documentation at:
#   https://docs.haskellstack.org/en/stable/lock_files

packages:
- completed:
    hackage: haxl-2.3.0.0@sha256:4c9a7371a2c21df910628d582776cf52db72bcd6c808daa02823be0ab06f1eb9,3974
    pantry-tree:
      size: 3076
      sha256: 2da38564de7cda18d12923fef2fd279c7072a7dbd6ee13a4dfea7f347eb50c8c
  original:
    hackage: haxl-2.3.0.0@sha256:4c9a7371a2c21df910628d582776cf52db72bcd6c808daa02823be0ab06f1eb9,3974
- completed:
    hackage: postgresql-pure-0.2.3.0@sha256:22e850455795a3528d4ae49438081de2123517d99aabdf98daacded72126322e,7159
    pantry-tree:
      size: 3503
      sha256: ca0cf982cbec17868660b9b291ac7b7f23356c81fddb674b971fe26cd0f4e223
  original:
    hackage: postgresql-pure-0.2.3.0@sha256:22e850455795a3528d4ae49438081de2123517d99aabdf98daacded72126322e,7159
- completed:
    hackage: homotuple-0.2.0.0@sha256:9e89d400aa7ecf73f6b7afa2aa79cec11ff8e3669d0775e937535f53945d820a,2024
    pantry-tree:
      size: 605
      sha256: b312449f1cb9110dc77b568625559bcdd7591e324508927c65e8fcbf1884608f
  original:
    hackage: homotuple-0.2.0.0@sha256:9e89d400aa7ecf73f6b7afa2aa79cec11ff8e3669d0775e937535f53945d820a,2024
- completed:
    hackage: list-tuple-0.1.3.0@sha256:8f3b861bd57cdd988c45301f4c3ce6788a17fcad037631554092d5e101aab1f6,2616
    pantry-tree:
      size: 840
      sha256: 002fe2c038c082302d6887ee370b1f7635dc9f348bcdf6a658adc21db858d954
  original:
    hackage: list-tuple-0.1.3.0@sha256:8f3b861bd57cdd988c45301f4c3ce6788a17fcad037631554092d5e101aab1f6,2616
- completed:
    hackage: postgresql-placeholder-converter-0.2.0.0@sha256:c68517b075c36941949be3ebaceda2bfeec6bcc73555897faecb7613e4b50f01,2376
    pantry-tree:
      size: 609
      sha256: ca0767e04fced84b96c817504fbaaac66e0c89b9a9115a5bb4139f8f52b45c49
  original:
    hackage: postgresql-placeholder-converter-0.2.0.0@sha256:c68517b075c36941949be3ebaceda2bfeec6bcc73555897faecb7613e4b50f01,2376
- completed:
    hackage: single-tuple-0.1.2.0@sha256:1712dd3970f7d0638aaa9702eae7c4ef56e544a25f65dbdde0eed376f50f633f,1962
    pantry-tree:
      size: 441
      sha256: 1e83d916d18c115ac21ab22b9c09fee4ccae68feb8bc759925adc4e3d79b1a95
  original:
    hackage: single-tuple-0.1.2.0@sha256:1712dd3970f7d0638aaa9702eae7c4ef56e544a25f65dbdde0eed376f50f633f,1962
- completed:
    hackage: either-result-0.3.1.0@sha256:75fd6c67b49a0bffcb56088a288f584723b96bc0f2b794ea9fd08ec225dcacae,2346
    pantry-tree:
      size: 887
      sha256: 3b47ffc620f8f5772c97c877be90fe202baa8f10c88b01a78739b8cb516a99aa
  original:
    hackage: either-result-0.3.1.0@sha256:75fd6c67b49a0bffcb56088a288f584723b96bc0f2b794ea9fd08ec225dcacae,2346
snapshots:
- completed:
    size: 585393
    url: https://raw.githubusercontent.com/commercialhaskell/stackage-snapshots/master/lts/18/0.yaml
    sha256: c632012da648385b9fa3c29f4e0afd56ead299f1c5528ee789058be410e883c0
  original:
    url: https://raw.githubusercontent.com/commercialhaskell/stackage-snapshots/master/lts/18/0.yaml
